version: 5
environments:
  default:
    channels:
    - url: https://conda.anaconda.org/conda-forge/
    - url: https://conda.anaconda.org/bioconda/
    packages:
      osx-arm64:
      - conda: https://conda.anaconda.org/conda-forge/noarch/astunparse-1.6.3-pyhd8ed1ab_0.tar.bz2
      - conda: https://conda.anaconda.org/conda-forge/osx-arm64/brotli-python-1.1.0-py312hde4cb15_2.conda
      - conda: https://conda.anaconda.org/conda-forge/osx-arm64/bzip2-1.0.8-h99b78c6_7.conda
      - conda: https://conda.anaconda.org/conda-forge/osx-arm64/ca-certificates-2024.8.30-hf0a4a13_0.conda
      - conda: https://conda.anaconda.org/conda-forge/noarch/certifi-2024.8.30-pyhd8ed1ab_0.conda
      - conda: https://conda.anaconda.org/conda-forge/osx-arm64/cffi-1.17.1-py312h0fad829_0.conda
      - conda: https://conda.anaconda.org/conda-forge/noarch/charset-normalizer-3.3.2-pyhd8ed1ab_0.conda
      - conda: https://conda.anaconda.org/conda-forge/noarch/click-8.1.7-unix_pyh707e725_0.conda
      - conda: https://conda.anaconda.org/conda-forge/noarch/decorator-5.1.1-pyhd8ed1ab_0.tar.bz2
      - conda: https://conda.anaconda.org/conda-forge/noarch/dlt-1.0.0-pyh534df25_0.conda
      - conda: https://conda.anaconda.org/conda-forge/noarch/duckdb-1.0.0-hd8ed1ab_0.conda
      - conda: https://conda.anaconda.org/conda-forge/noarch/fsspec-2024.9.0-pyhff2d567_0.conda
      - conda: https://conda.anaconda.org/conda-forge/noarch/gitdb-4.0.11-pyhd8ed1ab_0.conda
      - conda: https://conda.anaconda.org/conda-forge/noarch/gitpython-3.1.43-pyhd8ed1ab_0.conda
      - conda: https://conda.anaconda.org/conda-forge/noarch/giturlparse-0.12.0-pyhd8ed1ab_0.conda
      - conda: https://conda.anaconda.org/conda-forge/noarch/h2-4.1.0-pyhd8ed1ab_0.tar.bz2
      - conda: https://conda.anaconda.org/conda-forge/noarch/hexbytes-1.2.1-pyhd8ed1ab_0.conda
      - conda: https://conda.anaconda.org/conda-forge/noarch/hpack-4.0.0-pyh9f0ad1d_0.tar.bz2
      - conda: https://conda.anaconda.org/conda-forge/noarch/humanize-4.10.0-pyhd8ed1ab_0.conda
      - conda: https://conda.anaconda.org/conda-forge/noarch/hyperframe-6.0.1-pyhd8ed1ab_0.tar.bz2
      - conda: https://conda.anaconda.org/conda-forge/noarch/idna-3.10-pyhd8ed1ab_0.conda
      - conda: https://conda.anaconda.org/conda-forge/noarch/jsonpath-ng-1.6.1-pyhd8ed1ab_0.conda
      - conda: https://conda.anaconda.org/conda-forge/osx-arm64/libcxx-18.1.8-h3ed4263_7.conda
      - conda: https://conda.anaconda.org/conda-forge/osx-arm64/libexpat-2.6.3-hf9b8971_0.conda
      - conda: https://conda.anaconda.org/conda-forge/osx-arm64/libffi-3.4.2-h3422bc3_5.tar.bz2
      - conda: https://conda.anaconda.org/conda-forge/osx-arm64/libsqlite-3.46.1-hc14010f_0.conda
      - conda: https://conda.anaconda.org/conda-forge/osx-arm64/libzlib-1.3.1-hfb2fe0b_1.conda
      - conda: https://conda.anaconda.org/conda-forge/noarch/makefun-1.15.4-pyhd8ed1ab_0.conda
      - conda: https://conda.anaconda.org/conda-forge/osx-arm64/ncurses-6.5-h7bae524_1.conda
      - conda: https://conda.anaconda.org/conda-forge/osx-arm64/openssl-3.3.2-h8359307_0.conda
      - conda: https://conda.anaconda.org/conda-forge/osx-arm64/orjson-3.10.7-py312h552d48e_0.conda
      - conda: https://conda.anaconda.org/conda-forge/noarch/packaging-24.1-pyhd8ed1ab_0.conda
      - conda: https://conda.anaconda.org/conda-forge/noarch/pathvalidate-3.2.1-pyhd8ed1ab_1.conda
      - conda: https://conda.anaconda.org/conda-forge/osx-arm64/pendulum-3.0.0-py312he431725_1.conda
      - conda: https://conda.anaconda.org/conda-forge/noarch/ply-3.11-pyhd8ed1ab_2.conda
      - conda: https://conda.anaconda.org/conda-forge/noarch/pycparser-2.22-pyhd8ed1ab_0.conda
      - conda: https://conda.anaconda.org/conda-forge/noarch/pysocks-1.7.1-pyha2e5f31_6.tar.bz2
      - conda: https://conda.anaconda.org/conda-forge/osx-arm64/python-3.12.6-h739c21a_0_cpython.conda
      - conda: https://conda.anaconda.org/conda-forge/noarch/python-dateutil-2.9.0-pyhd8ed1ab_0.conda
      - conda: https://conda.anaconda.org/conda-forge/osx-arm64/python-duckdb-1.0.0-py312h5c2e7bc_0.conda
      - conda: https://conda.anaconda.org/conda-forge/noarch/python-tzdata-2024.1-pyhd8ed1ab_0.conda
      - conda: https://conda.anaconda.org/conda-forge/osx-arm64/python_abi-3.12-5_cp312.conda
      - conda: https://conda.anaconda.org/conda-forge/noarch/pytz-2024.2-pyhd8ed1ab_0.conda
      - conda: https://conda.anaconda.org/conda-forge/osx-arm64/pyyaml-6.0.2-py312h024a12e_1.conda
      - conda: https://conda.anaconda.org/conda-forge/osx-arm64/readline-8.2-h92ec313_1.conda
      - conda: https://conda.anaconda.org/conda-forge/noarch/requests-2.32.3-pyhd8ed1ab_0.conda
      - conda: https://conda.anaconda.org/conda-forge/noarch/requirements-parser-0.11.0-pyhd8ed1ab_0.conda
      - conda: https://conda.anaconda.org/conda-forge/noarch/semver-3.0.2-pyhd8ed1ab_0.conda
      - conda: https://conda.anaconda.org/conda-forge/noarch/setuptools-73.0.1-pyhd8ed1ab_0.conda
      - conda: https://conda.anaconda.org/conda-forge/osx-arm64/simplejson-3.19.3-py312h024a12e_1.conda
      - conda: https://conda.anaconda.org/conda-forge/noarch/six-1.16.0-pyh6c4a22f_0.tar.bz2
      - conda: https://conda.anaconda.org/conda-forge/noarch/smmap-5.0.0-pyhd8ed1ab_0.tar.bz2
      - conda: https://conda.anaconda.org/conda-forge/noarch/tenacity-9.0.0-pyhd8ed1ab_0.conda
      - conda: https://conda.anaconda.org/conda-forge/osx-arm64/time-machine-2.15.0-py312h024a12e_1.conda
      - conda: https://conda.anaconda.org/conda-forge/osx-arm64/tk-8.6.13-h5083fa2_1.conda
      - conda: https://conda.anaconda.org/conda-forge/noarch/tomlkit-0.13.2-pyha770c72_0.conda
      - conda: https://conda.anaconda.org/conda-forge/noarch/types-setuptools-75.1.0.20240917-pyhd8ed1ab_0.conda
      - conda: https://conda.anaconda.org/conda-forge/noarch/typing-extensions-4.12.2-hd8ed1ab_0.conda
      - conda: https://conda.anaconda.org/conda-forge/noarch/typing_extensions-4.12.2-pyha770c72_0.conda
      - conda: https://conda.anaconda.org/conda-forge/noarch/tzdata-2024a-h8827d51_1.conda
      - conda: https://conda.anaconda.org/conda-forge/noarch/urllib3-2.2.3-pyhd8ed1ab_0.conda
      - conda: https://conda.anaconda.org/conda-forge/osx-arm64/xz-5.2.6-h57fd34a_0.tar.bz2
      - conda: https://conda.anaconda.org/conda-forge/osx-arm64/yaml-0.2.5-h3422bc3_2.tar.bz2
      - conda: https://conda.anaconda.org/conda-forge/osx-arm64/zstandard-0.23.0-py312h15fbf35_1.conda
      - conda: https://conda.anaconda.org/conda-forge/osx-arm64/zstd-1.5.6-hb46c0d2_0.conda
packages:
- kind: conda
  name: astunparse
  version: 1.6.3
  build: pyhd8ed1ab_0
  subdir: noarch
  noarch: python
  url: https://conda.anaconda.org/conda-forge/noarch/astunparse-1.6.3-pyhd8ed1ab_0.tar.bz2
  sha256: e5173d1ed038038e24c0623f0219dc587ee8663cf7efa737e7075128edbc6c60
  md5: 000b6f68a0bfaba800ced7500c11780f
  depends:
  - python >=3.6
  - six >=1.6.1,<2.0
  license: BSD-3-Clause AND PSF-2.0
  size: 15539
  timestamp: 1610696401707
- kind: conda
  name: brotli-python
  version: 1.1.0
  build: py312hde4cb15_2
  build_number: 2
  subdir: osx-arm64
  url: https://conda.anaconda.org/conda-forge/osx-arm64/brotli-python-1.1.0-py312hde4cb15_2.conda
  sha256: 254b411fa78ccc226f42daf606772972466f93e9bc6895eabb4cfda22f5178af
  md5: a83c2ef76ccb11bc2349f4f17696b15d
  depends:
  - __osx >=11.0
  - libcxx >=17
  - python >=3.12,<3.13.0a0
  - python >=3.12,<3.13.0a0 *_cpython
  - python_abi 3.12.* *_cp312
  constrains:
  - libbrotlicommon 1.1.0 hd74edd7_2
  license: MIT
  license_family: MIT
  size: 339360
  timestamp: 1725268143995
- kind: conda
  name: bzip2
  version: 1.0.8
  build: h99b78c6_7
  build_number: 7
  subdir: osx-arm64
  url: https://conda.anaconda.org/conda-forge/osx-arm64/bzip2-1.0.8-h99b78c6_7.conda
  sha256: adfa71f158cbd872a36394c56c3568e6034aa55c623634b37a4836bd036e6b91
  md5: fc6948412dbbbe9a4c9ddbbcfe0a79ab
  depends:
  - __osx >=11.0
  license: bzip2-1.0.6
  license_family: BSD
  size: 122909
  timestamp: 1720974522888
- kind: conda
  name: ca-certificates
  version: 2024.8.30
  build: hf0a4a13_0
  subdir: osx-arm64
  url: https://conda.anaconda.org/conda-forge/osx-arm64/ca-certificates-2024.8.30-hf0a4a13_0.conda
  sha256: 2db1733f4b644575dbbdd7994a8f338e6ef937f5ebdb74acd557e9dda0211709
  md5: 40dec13fd8348dbe303e57be74bd3d35
  license: ISC
  size: 158482
  timestamp: 1725019034582
- kind: conda
  name: certifi
  version: 2024.8.30
  build: pyhd8ed1ab_0
  subdir: noarch
  noarch: python
  url: https://conda.anaconda.org/conda-forge/noarch/certifi-2024.8.30-pyhd8ed1ab_0.conda
  sha256: 7020770df338c45ac6b560185956c32f0a5abf4b76179c037f115fc7d687819f
  md5: 12f7d00853807b0531775e9be891cb11
  depends:
  - python >=3.7
  license: ISC
  size: 163752
  timestamp: 1725278204397
- kind: conda
  name: cffi
  version: 1.17.1
  build: py312h0fad829_0
  subdir: osx-arm64
  url: https://conda.anaconda.org/conda-forge/osx-arm64/cffi-1.17.1-py312h0fad829_0.conda
  sha256: 8d91a0d01358b5c3f20297c6c536c5d24ccd3e0c2ddd37f9d0593d0f0070226f
  md5: 19a5456f72f505881ba493979777b24e
  depends:
  - __osx >=11.0
  - libffi >=3.4,<4.0a0
  - pycparser
  - python >=3.12,<3.13.0a0
  - python >=3.12,<3.13.0a0 *_cpython
  - python_abi 3.12.* *_cp312
  license: MIT
  license_family: MIT
  size: 281206
  timestamp: 1725560813378
- kind: conda
  name: charset-normalizer
  version: 3.3.2
  build: pyhd8ed1ab_0
  subdir: noarch
  noarch: python
  url: https://conda.anaconda.org/conda-forge/noarch/charset-normalizer-3.3.2-pyhd8ed1ab_0.conda
  sha256: 20cae47d31fdd58d99c4d2e65fbdcefa0b0de0c84e455ba9d6356a4bdbc4b5b9
  md5: 7f4a9e3fcff3f6356ae99244a014da6a
  depends:
  - python >=3.7
  license: MIT
  license_family: MIT
  size: 46597
  timestamp: 1698833765762
- kind: conda
  name: click
  version: 8.1.7
  build: unix_pyh707e725_0
  subdir: noarch
  noarch: python
  url: https://conda.anaconda.org/conda-forge/noarch/click-8.1.7-unix_pyh707e725_0.conda
  sha256: f0016cbab6ac4138a429e28dbcb904a90305b34b3fe41a9b89d697c90401caec
  md5: f3ad426304898027fc619827ff428eca
  depends:
  - __unix
  - python >=3.8
  license: BSD-3-Clause
  license_family: BSD
  size: 84437
  timestamp: 1692311973840
- kind: conda
  name: decorator
  version: 5.1.1
  build: pyhd8ed1ab_0
  subdir: noarch
  noarch: python
  url: https://conda.anaconda.org/conda-forge/noarch/decorator-5.1.1-pyhd8ed1ab_0.tar.bz2
  sha256: 328a6a379f9bdfd0230e51de291ce858e6479411ea4b0545fb377c71662ef3e2
  md5: 43afe5ab04e35e17ba28649471dd7364
  depends:
  - python >=3.5
  license: BSD-2-Clause
  license_family: BSD
  size: 12072
  timestamp: 1641555714315
- kind: conda
  name: dlt
  version: 1.0.0
  build: pyh534df25_0
  subdir: noarch
  noarch: python
  url: https://conda.anaconda.org/conda-forge/noarch/dlt-1.0.0-pyh534df25_0.conda
  sha256: 26c1a2236c9d540cf20b229696189034f119ef55551a7e6765a63065d17a3723
  md5: 2cda4bf225f9a32cc931ad156553a240
  depends:
  - __osx
  - astunparse >=1.6.3
  - click >=7.1
  - fsspec >=2022.4.0
  - gitpython >=3.1.29
  - giturlparse >=0.10.0
  - hexbytes >=0.2.2
  - humanize >=4.4.0
  - jsonpath-ng >=1.5.3
  - makefun >=1.15.0
  - orjson >=3.6.7,<4,!=3.9.11,!=3.9.12,!=3.9.13,!=3.9.14,!=3.10.1
  - packaging >=21.1
  - pathvalidate >=2.5.2
  - pendulum >=2.1.2
  - python >=3.8.1,<3.13
  - python-tzdata >=2022.1
  - pytz >=2022.6
  - pyyaml >=5.4.1
  - requests >=2.26.0
  - requirements-parser >=0.5.0
  - semver >=2.13.0
  - setuptools >=65.6.0
  - simplejson >=3.17.5
  - tenacity >=8.0.2
  - tomlkit >=0.11.3
  - typing-extensions >=4.0.0
  license: Apache-2.0
  license_family: APACHE
  size: 507001
  timestamp: 1726515168235
- kind: conda
  name: duckdb
  version: 1.0.0
  build: hd8ed1ab_0
  subdir: noarch
  noarch: generic
  url: https://conda.anaconda.org/conda-forge/noarch/duckdb-1.0.0-hd8ed1ab_0.conda
  sha256: 368dab03b51ac9a084c79918449652deaef59029a5f4d942d9bf7101ad1f9f55
  md5: 4ff8d9fb8309f6305d5f9c651fa25bf3
  depends:
  - python-duckdb >=1.0.0,<1.0.1.0a0
  license: MIT
  license_family: MIT
  size: 7850
  timestamp: 1717686359276
- kind: conda
  name: fsspec
  version: 2024.9.0
  build: pyhff2d567_0
  subdir: noarch
  noarch: python
  url: https://conda.anaconda.org/conda-forge/noarch/fsspec-2024.9.0-pyhff2d567_0.conda
  sha256: 8f4e9805b4ec223dea0d99f9e7e57c391d9026455eb9f0d6e0784c5d1a1200dc
  md5: ace4329fbff4c69ab0309db6da182987
  depends:
  - python >=3.8
  license: BSD-3-Clause
  license_family: BSD
  size: 134378
  timestamp: 1725543368393
- kind: conda
  name: gitdb
  version: 4.0.11
  build: pyhd8ed1ab_0
  subdir: noarch
  noarch: python
  url: https://conda.anaconda.org/conda-forge/noarch/gitdb-4.0.11-pyhd8ed1ab_0.conda
  sha256: 52ab2798be31b8f509eeec458712f447ced4f96ecb672c6c9a42778f47e07b1b
  md5: 623b19f616f2ca0c261441067e18ae40
  depends:
  - python >=3.7
  - smmap >=3.0.1,<6
  license: BSD-3-Clause
  license_family: BSD
  size: 52872
  timestamp: 1697791718749
- kind: conda
  name: gitpython
  version: 3.1.43
  build: pyhd8ed1ab_0
  subdir: noarch
  noarch: python
  url: https://conda.anaconda.org/conda-forge/noarch/gitpython-3.1.43-pyhd8ed1ab_0.conda
  sha256: cbb2802641a009ce9bcc2a047e817fd8816f9c842036a42f4730398d8e4cda2a
  md5: 0b2154c1818111e17381b1df5b4b0176
  depends:
  - gitdb >=4.0.1,<5
  - python >=3.7
  - typing_extensions >=3.7.4.3
  license: BSD-3-Clause
  license_family: BSD
  size: 156827
  timestamp: 1711991122366
- kind: conda
  name: giturlparse
  version: 0.12.0
  build: pyhd8ed1ab_0
  subdir: noarch
  noarch: python
  url: https://conda.anaconda.org/conda-forge/noarch/giturlparse-0.12.0-pyhd8ed1ab_0.conda
  sha256: 83b24328976a31492dfe9be4ebd4b14d669b04e2a702c77cbef1e821bb7b4bb9
  md5: b82be194eb3a1ea5905ba3ed2eaf15d7
  depends:
  - python >=3.8
  license: Apache-2.0
  license_family: APACHE
  size: 18758
  timestamp: 1704731572424
- kind: conda
  name: h2
  version: 4.1.0
  build: pyhd8ed1ab_0
  subdir: noarch
  noarch: python
  url: https://conda.anaconda.org/conda-forge/noarch/h2-4.1.0-pyhd8ed1ab_0.tar.bz2
  sha256: bfc6a23849953647f4e255c782e74a0e18fe16f7e25c7bb0bc57b83bb6762c7a
  md5: b748fbf7060927a6e82df7cb5ee8f097
  depends:
  - hpack >=4.0,<5
  - hyperframe >=6.0,<7
  - python >=3.6.1
  license: MIT
  license_family: MIT
  size: 46754
  timestamp: 1634280590080
- kind: conda
  name: hexbytes
  version: 1.2.1
  build: pyhd8ed1ab_0
  subdir: noarch
  noarch: python
  url: https://conda.anaconda.org/conda-forge/noarch/hexbytes-1.2.1-pyhd8ed1ab_0.conda
  sha256: 7838095f6b49aec1cfe96b634e1f712b7540e12f7bc486d189dc8df19840a96e
  md5: b55458c630f32b0173bf75e3961c681c
  depends:
  - python >=3.8,<4.0
  license: MIT
  license_family: MIT
  size: 11361
  timestamp: 1719323496827
- kind: conda
  name: hpack
  version: 4.0.0
  build: pyh9f0ad1d_0
  subdir: noarch
  noarch: python
  url: https://conda.anaconda.org/conda-forge/noarch/hpack-4.0.0-pyh9f0ad1d_0.tar.bz2
  sha256: 5dec948932c4f740674b1afb551223ada0c55103f4c7bf86a110454da3d27cb8
  md5: 914d6646c4dbb1fd3ff539830a12fd71
  depends:
  - python
  license: MIT
  license_family: MIT
  size: 25341
  timestamp: 1598856368685
- kind: conda
  name: humanize
  version: 4.10.0
  build: pyhd8ed1ab_0
  subdir: noarch
  noarch: python
  url: https://conda.anaconda.org/conda-forge/noarch/humanize-4.10.0-pyhd8ed1ab_0.conda
  sha256: d1acb9d131eb992b1905cef18c9f95bb2dfbabbcf87dd5bfbd31479b90ee8221
  md5: 6b0558b59bd41639cdfa5cc37ee951ec
  depends:
  - python >=3.8
  license: MIT
  license_family: MIT
  size: 64805
  timestamp: 1720456443342
- kind: conda
  name: hyperframe
  version: 6.0.1
  build: pyhd8ed1ab_0
  subdir: noarch
  noarch: python
  url: https://conda.anaconda.org/conda-forge/noarch/hyperframe-6.0.1-pyhd8ed1ab_0.tar.bz2
  sha256: e374a9d0f53149328134a8d86f5d72bca4c6dcebed3c0ecfa968c02996289330
  md5: 9f765cbfab6870c8435b9eefecd7a1f4
  depends:
  - python >=3.6
  license: MIT
  license_family: MIT
  size: 14646
  timestamp: 1619110249723
- kind: conda
  name: idna
  version: '3.10'
  build: pyhd8ed1ab_0
  subdir: noarch
  noarch: python
  url: https://conda.anaconda.org/conda-forge/noarch/idna-3.10-pyhd8ed1ab_0.conda
  sha256: 8c57fd68e6be5eecba4462e983aed7e85761a519aab80e834bbd7794d4b545b2
  md5: 7ba2ede0e7c795ff95088daf0dc59753
  depends:
  - python >=3.6
  license: BSD-3-Clause
  license_family: BSD
  size: 49837
  timestamp: 1726459583613
- kind: conda
  name: jsonpath-ng
  version: 1.6.1
  build: pyhd8ed1ab_0
  subdir: noarch
  noarch: python
  url: https://conda.anaconda.org/conda-forge/noarch/jsonpath-ng-1.6.1-pyhd8ed1ab_0.conda
  sha256: 9bfe839073ba18c5619d533a9c9a8d299f6b37ab70c5a982162c4f0f006198d5
  md5: a698a41f5b52fe96049fd8c926ac3086
  depends:
  - decorator
  - ply
  - python >=3.6
  - six
  license: Apache-2.0
  license_family: Apache
  size: 33394
  timestamp: 1705008346790
- kind: conda
  name: libcxx
  version: 18.1.8
  build: h3ed4263_7
  build_number: 7
  subdir: osx-arm64
  url: https://conda.anaconda.org/conda-forge/osx-arm64/libcxx-18.1.8-h3ed4263_7.conda
  sha256: 15b4abaa249f0965ce42aeb4a1a2b1b5df9a1f402e7c5bd8156272fd6cad2878
  md5: e0e7d9a2ec0f9509ffdfd5f48da522fb
  depends:
  - __osx >=11.0
  license: Apache-2.0 WITH LLVM-exception
  license_family: Apache
  size: 436921
  timestamp: 1725403628507
- kind: conda
  name: libexpat
  version: 2.6.3
  build: hf9b8971_0
  subdir: osx-arm64
  url: https://conda.anaconda.org/conda-forge/osx-arm64/libexpat-2.6.3-hf9b8971_0.conda
  sha256: 5cbe5a199fba14ade55457a468ce663aac0b54832c39aa54470b3889b4c75c4a
  md5: 5f22f07c2ab2dea8c66fe9585a062c96
  depends:
  - __osx >=11.0
  constrains:
  - expat 2.6.3.*
  license: MIT
  license_family: MIT
  size: 63895
  timestamp: 1725568783033
- kind: conda
  name: libffi
  version: 3.4.2
  build: h3422bc3_5
  build_number: 5
  subdir: osx-arm64
  url: https://conda.anaconda.org/conda-forge/osx-arm64/libffi-3.4.2-h3422bc3_5.tar.bz2
  sha256: 41b3d13efb775e340e4dba549ab5c029611ea6918703096b2eaa9c015c0750ca
  md5: 086914b672be056eb70fd4285b6783b6
  license: MIT
  license_family: MIT
  size: 39020
  timestamp: 1636488587153
- kind: conda
  name: libsqlite
  version: 3.46.1
  build: hc14010f_0
  subdir: osx-arm64
  url: https://conda.anaconda.org/conda-forge/osx-arm64/libsqlite-3.46.1-hc14010f_0.conda
  sha256: 3725f962f490c5d44dae326d5f5b2e3c97f71a6322d914ccc85b5ddc2e50d120
  md5: 58050ec1724e58668d0126a1615553fa
  depends:
  - __osx >=11.0
  - libzlib >=1.3.1,<2.0a0
  license: Unlicense
  size: 829500
  timestamp: 1725353720793
- kind: conda
  name: libzlib
  version: 1.3.1
  build: hfb2fe0b_1
  build_number: 1
  subdir: osx-arm64
  url: https://conda.anaconda.org/conda-forge/osx-arm64/libzlib-1.3.1-hfb2fe0b_1.conda
  sha256: c34365dd37b0eab27b9693af32a1f7f284955517c2cc91f1b88a7ef4738ff03e
  md5: 636077128927cf79fd933276dc3aed47
  depends:
  - __osx >=11.0
  constrains:
  - zlib 1.3.1 *_1
  license: Zlib
  license_family: Other
  size: 46921
  timestamp: 1716874262512
- kind: conda
  name: makefun
  version: 1.15.4
  build: pyhd8ed1ab_0
  subdir: noarch
  noarch: python
  url: https://conda.anaconda.org/conda-forge/noarch/makefun-1.15.4-pyhd8ed1ab_0.conda
  sha256: ec8dec454b6173eecf03f3329aadd8a6b16d1ae5e036598ac9e7736cad62a5c2
  md5: 9f0adf0e53f6b5e0e65b40e62effc4eb
  depends:
  - python >=3.5
  license: BSD-3-Clause
  license_family: BSD
  size: 26234
  timestamp: 1720969682695
- kind: conda
  name: ncurses
  version: '6.5'
  build: h7bae524_1
  build_number: 1
  subdir: osx-arm64
  url: https://conda.anaconda.org/conda-forge/osx-arm64/ncurses-6.5-h7bae524_1.conda
  sha256: 27d0b9ff78ad46e1f3a6c96c479ab44beda5f96def88e2fe626e0a49429d8afc
  md5: cb2b0ea909b97b3d70cd3921d1445e1a
  depends:
  - __osx >=11.0
  license: X11 AND BSD-3-Clause
  size: 802321
  timestamp: 1724658775723
- kind: conda
  name: openssl
  version: 3.3.2
  build: h8359307_0
  subdir: osx-arm64
  url: https://conda.anaconda.org/conda-forge/osx-arm64/openssl-3.3.2-h8359307_0.conda
  sha256: 940fa01c4dc6152158fe8943e05e55a1544cab639df0994e3b35937839e4f4d1
  md5: 1773ebccdc13ec603356e8ff1db9e958
  depends:
  - __osx >=11.0
  - ca-certificates
  license: Apache-2.0
  license_family: Apache
  size: 2882450
  timestamp: 1725410638874
- kind: conda
  name: orjson
  version: 3.10.7
  build: py312h552d48e_0
  subdir: osx-arm64
  url: https://conda.anaconda.org/conda-forge/osx-arm64/orjson-3.10.7-py312h552d48e_0.conda
  sha256: 6e340f00c83eb362da329588255b05e742c17975a962a038abe03347d6c448de
  md5: a58488c33ef64af07053936a3b95f4b5
  depends:
  - __osx >=11.0
  - python >=3.12,<3.13.0a0
  - python >=3.12,<3.13.0a0 *_cpython
  - python_abi 3.12.* *_cp312
  constrains:
  - __osx >=11.0
  license: Apache-2.0
  license_family: Apache
  size: 242672
  timestamp: 1723206410644
- kind: conda
  name: packaging
  version: '24.1'
  build: pyhd8ed1ab_0
  subdir: noarch
  noarch: python
  url: https://conda.anaconda.org/conda-forge/noarch/packaging-24.1-pyhd8ed1ab_0.conda
  sha256: 36aca948219e2c9fdd6d80728bcc657519e02f06c2703d8db3446aec67f51d81
  md5: cbe1bb1f21567018ce595d9c2be0f0db
  depends:
  - python >=3.8
  license: Apache-2.0
  license_family: APACHE
  size: 50290
  timestamp: 1718189540074
- kind: conda
  name: pathvalidate
  version: 3.2.1
  build: pyhd8ed1ab_1
  build_number: 1
  subdir: noarch
  noarch: python
  url: https://conda.anaconda.org/conda-forge/noarch/pathvalidate-3.2.1-pyhd8ed1ab_1.conda
  sha256: cff738b2bbda9e0edcdd10232f2909f225ed9f7077261ebc27e2ce912d03d388
  md5: bbdbf880e5976a773e682e77c0156afb
  depends:
  - python >=3.8
  license: MIT
  license_family: MIT
  size: 23411
  timestamp: 1726360363934
- kind: conda
  name: pendulum
  version: 3.0.0
  build: py312he431725_1
  build_number: 1
  subdir: osx-arm64
  url: https://conda.anaconda.org/conda-forge/osx-arm64/pendulum-3.0.0-py312he431725_1.conda
  sha256: a8177c56e08fbf0bddf39d854d9a0511976c87156495bc922864bae2d473c2d6
  md5: 7e71832c473df1b9421c81b167d9975e
  depends:
  - __osx >=11.0
  - python >=3.12,<3.13.0a0
  - python >=3.12,<3.13.0a0 *_cpython
  - python-dateutil >=2.6
  - python_abi 3.12.* *_cp312
  - time-machine >=2.6.0
  - tzdata >=2020.1
  constrains:
  - __osx >=11.0
  license: MIT
  license_family: MIT
  size: 402809
  timestamp: 1725355450002
- kind: conda
  name: ply
  version: '3.11'
  build: pyhd8ed1ab_2
  build_number: 2
  subdir: noarch
  noarch: python
  url: https://conda.anaconda.org/conda-forge/noarch/ply-3.11-pyhd8ed1ab_2.conda
  sha256: d8faaf4dcc13caed560fa32956523b35928a70499a2d08c51320947d637e3a41
  md5: 18c6deb6f9602e32446398203c8f0e91
  depends:
  - python >=2.6
  license: BSD-3-Clause
  license_family: BSD
  size: 49196
  timestamp: 1712243121626
- kind: conda
  name: pycparser
  version: '2.22'
  build: pyhd8ed1ab_0
  subdir: noarch
  noarch: python
  url: https://conda.anaconda.org/conda-forge/noarch/pycparser-2.22-pyhd8ed1ab_0.conda
  sha256: 406001ebf017688b1a1554b49127ca3a4ac4626ec0fd51dc75ffa4415b720b64
  md5: 844d9eb3b43095b031874477f7d70088
  depends:
  - python >=3.8
  license: BSD-3-Clause
  license_family: BSD
  size: 105098
  timestamp: 1711811634025
- kind: conda
  name: pysocks
  version: 1.7.1
  build: pyha2e5f31_6
  build_number: 6
  subdir: noarch
  noarch: python
  url: https://conda.anaconda.org/conda-forge/noarch/pysocks-1.7.1-pyha2e5f31_6.tar.bz2
  sha256: a42f826e958a8d22e65b3394f437af7332610e43ee313393d1cf143f0a2d274b
  md5: 2a7de29fb590ca14b5243c4c812c8025
  depends:
  - __unix
  - python >=3.8
  license: BSD-3-Clause
  license_family: BSD
  size: 18981
  timestamp: 1661604969727
- kind: conda
  name: python
  version: 3.12.6
  build: h739c21a_0_cpython
  subdir: osx-arm64
  url: https://conda.anaconda.org/conda-forge/osx-arm64/python-3.12.6-h739c21a_0_cpython.conda
  sha256: 7dc75f4a7f800426e39ba219a1202c00b002cd0c792e34e077d3d7c145ef0199
  md5: 1d0f564edfc8121b35a4dc2d25b62863
  depends:
  - __osx >=11.0
  - bzip2 >=1.0.8,<2.0a0
  - libexpat >=2.6.3,<3.0a0
  - libffi >=3.4,<4.0a0
  - libsqlite >=3.46.1,<4.0a0
  - libzlib >=1.3.1,<2.0a0
  - ncurses >=6.5,<7.0a0
  - openssl >=3.3.2,<4.0a0
  - readline >=8.2,<9.0a0
  - tk >=8.6.13,<8.7.0a0
  - tzdata
  - xz >=5.2.6,<6.0a0
  constrains:
  - python_abi 3.12.* *_cp312
  license: Python-2.0
  size: 12877861
  timestamp: 1726030796871
- kind: conda
  name: python-dateutil
  version: 2.9.0
  build: pyhd8ed1ab_0
  subdir: noarch
  noarch: python
  url: https://conda.anaconda.org/conda-forge/noarch/python-dateutil-2.9.0-pyhd8ed1ab_0.conda
  sha256: f3ceef02ac164a8d3a080d0d32f8e2ebe10dd29e3a685d240e38b3599e146320
  md5: 2cf4264fffb9e6eff6031c5b6884d61c
  depends:
  - python >=3.7
  - six >=1.5
  license: Apache-2.0
  license_family: APACHE
  size: 222742
  timestamp: 1709299922152
- kind: conda
  name: python-duckdb
  version: 1.0.0
  build: py312h5c2e7bc_0
  subdir: osx-arm64
  url: https://conda.anaconda.org/conda-forge/osx-arm64/python-duckdb-1.0.0-py312h5c2e7bc_0.conda
  sha256: a7c0440513de0ecfd0e503cda07b45ba79cb4fc3b4f688d5ed28e030965b69e0
  md5: 718f3bdf4dfaf27dd9de4ef33d59ed6b
  depends:
  - __osx >=11.0
  - libcxx >=16
  - python >=3.12,<3.13.0a0
  - python >=3.12,<3.13.0a0 *_cpython
  - python_abi 3.12.* *_cp312
  license: MIT
  license_family: MIT
  size: 18599154
  timestamp: 1717686322241
- kind: conda
  name: python-tzdata
  version: '2024.1'
  build: pyhd8ed1ab_0
  subdir: noarch
  noarch: python
  url: https://conda.anaconda.org/conda-forge/noarch/python-tzdata-2024.1-pyhd8ed1ab_0.conda
  sha256: 9da9a849d53705dee450b83507df1ca8ffea5f83bd21a215202221f1c492f8ad
  md5: 98206ea9954216ee7540f0c773f2104d
  depends:
  - python >=3.6
  license: Apache-2.0
  license_family: APACHE
  size: 144024
  timestamp: 1707747742930
- kind: conda
  name: python_abi
  version: '3.12'
  build: 5_cp312
  build_number: 5
  subdir: osx-arm64
  url: https://conda.anaconda.org/conda-forge/osx-arm64/python_abi-3.12-5_cp312.conda
  sha256: 49d624e4b809c799d2bf257b22c23cf3fc4460f5570d9a58e7ad86350aeaa1f4
  md5: b76f9b1c862128e56ac7aa8cd2333de9
  constrains:
  - python 3.12.* *_cpython
  license: BSD-3-Clause
  license_family: BSD
  size: 6278
  timestamp: 1723823099686
- kind: conda
  name: pytz
  version: '2024.2'
  build: pyhd8ed1ab_0
  subdir: noarch
  noarch: python
  url: https://conda.anaconda.org/conda-forge/noarch/pytz-2024.2-pyhd8ed1ab_0.conda
  sha256: 81c16d9183bb4a6780366ce874e567ee5fc903722f85b2f8d1d9479ef1dafcc9
  md5: 260009d03c9d5c0f111904d851f053dc
  depends:
  - python >=3.7
  license: MIT
  license_family: MIT
  size: 186995
  timestamp: 1726055625738
- kind: conda
  name: pyyaml
  version: 6.0.2
  build: py312h024a12e_1
  build_number: 1
  subdir: osx-arm64
  url: https://conda.anaconda.org/conda-forge/osx-arm64/pyyaml-6.0.2-py312h024a12e_1.conda
  sha256: b06f1c15fb39695bbf707ae8fb554b9a77519af577b5556784534c7db10b52e3
  md5: 1ee23620cf46cb15900f70a1300bae55
  depends:
  - __osx >=11.0
  - python >=3.12,<3.13.0a0
  - python >=3.12,<3.13.0a0 *_cpython
  - python_abi 3.12.* *_cp312
  - yaml >=0.2.5,<0.3.0a0
  license: MIT
  license_family: MIT
  size: 187143
  timestamp: 1725456547263
- kind: conda
  name: readline
  version: '8.2'
  build: h92ec313_1
  build_number: 1
  subdir: osx-arm64
  url: https://conda.anaconda.org/conda-forge/osx-arm64/readline-8.2-h92ec313_1.conda
  sha256: a1dfa679ac3f6007362386576a704ad2d0d7a02e98f5d0b115f207a2da63e884
  md5: 8cbb776a2f641b943d413b3e19df71f4
  depends:
  - ncurses >=6.3,<7.0a0
  license: GPL-3.0-only
  license_family: GPL
  size: 250351
  timestamp: 1679532511311
- kind: conda
  name: requests
  version: 2.32.3
  build: pyhd8ed1ab_0
  subdir: noarch
  noarch: python
  url: https://conda.anaconda.org/conda-forge/noarch/requests-2.32.3-pyhd8ed1ab_0.conda
  sha256: 5845ffe82a6fa4d437a2eae1e32a1ad308d7ad349f61e337c0a890fe04c513cc
  md5: 5ede4753180c7a550a443c430dc8ab52
  depends:
  - certifi >=2017.4.17
  - charset-normalizer >=2,<4
  - idna >=2.5,<4
  - python >=3.8
  - urllib3 >=1.21.1,<3
  constrains:
  - chardet >=3.0.2,<6
  license: Apache-2.0
  license_family: APACHE
  size: 58810
  timestamp: 1717057174842
- kind: conda
  name: requirements-parser
  version: 0.11.0
  build: pyhd8ed1ab_0
  subdir: noarch
  noarch: python
  url: https://conda.anaconda.org/conda-forge/noarch/requirements-parser-0.11.0-pyhd8ed1ab_0.conda
  sha256: 30717bedbac5350621c68f28751b93879d7d62a56edc4b2c43dc5afde31cfb4a
  md5: fe637024f15be6b93d894ead299d0495
  depends:
  - packaging >=23.2
  - python >=3.8.0,<4.0.0
  - types-setuptools >=69.1.0
  license: Apache-2.0
  license_family: APACHE
  size: 17664
  timestamp: 1723532151805
- kind: conda
  name: semver
  version: 3.0.2
  build: pyhd8ed1ab_0
  subdir: noarch
  noarch: python
  url: https://conda.anaconda.org/conda-forge/noarch/semver-3.0.2-pyhd8ed1ab_0.conda
  sha256: 1cd164b2e80ea011b9272a66cc356773086885c447d6f62fed5f30f99bda3cb3
  md5: 5efb3fccda53974aed800b6d575f72ed
  depends:
  - python >=3.7
  license: BSD-3-Clause
  license_family: BSD
  size: 20863
  timestamp: 1696862126730
- kind: conda
  name: setuptools
  version: 73.0.1
  build: pyhd8ed1ab_0
  subdir: noarch
  noarch: python
  url: https://conda.anaconda.org/conda-forge/noarch/setuptools-73.0.1-pyhd8ed1ab_0.conda
  sha256: c9f5e110e3fe5a7c4cd5b9da445c05a1fae000b43ab3a97cb6a501f4267515fc
  md5: f0b618d7673d1b2464f600b34d912f6f
  depends:
  - python >=3.8
  license: MIT
  license_family: MIT
  size: 1460460
  timestamp: 1725348602179
- kind: conda
  name: simplejson
  version: 3.19.3
  build: py312h024a12e_1
  build_number: 1
  subdir: osx-arm64
  url: https://conda.anaconda.org/conda-forge/osx-arm64/simplejson-3.19.3-py312h024a12e_1.conda
  sha256: 1f42b68d83ad3dc5735f0ee5024a9106d3e2e17774a2e7b5d2773c098085f1db
  md5: 9faa4c339e590b5ab7669f464d23832b
  depends:
  - __osx >=11.0
  - python >=3.12,<3.13.0a0
  - python >=3.12,<3.13.0a0 *_cpython
  - python_abi 3.12.* *_cp312
  license: MIT
  license_family: MIT
  size: 128805
  timestamp: 1724955235734
- kind: conda
  name: six
  version: 1.16.0
  build: pyh6c4a22f_0
  subdir: noarch
  noarch: python
  url: https://conda.anaconda.org/conda-forge/noarch/six-1.16.0-pyh6c4a22f_0.tar.bz2
  sha256: a85c38227b446f42c5b90d9b642f2c0567880c15d72492d8da074a59c8f91dd6
  md5: e5f25f8dbc060e9a8d912e432202afc2
  depends:
  - python
  license: MIT
  license_family: MIT
  size: 14259
  timestamp: 1620240338595
- kind: conda
  name: smmap
  version: 5.0.0
  build: pyhd8ed1ab_0
  subdir: noarch
  noarch: python
  url: https://conda.anaconda.org/conda-forge/noarch/smmap-5.0.0-pyhd8ed1ab_0.tar.bz2
  sha256: 23011cb3e064525bdb8787c75126a2e78d2344a72cd6773922006d1da1f2af16
  md5: 62f26a3d1387acee31322208f0cfa3e0
  depends:
  - python >=3.5
  license: BSD-3-Clause
  license_family: BSD
  size: 22483
  timestamp: 1634310465482
- kind: conda
  name: tenacity
  version: 9.0.0
  build: pyhd8ed1ab_0
  subdir: noarch
  noarch: python
  url: https://conda.anaconda.org/conda-forge/noarch/tenacity-9.0.0-pyhd8ed1ab_0.conda
  sha256: 0d33171e1d303b57867f0cfcffb8a35031700acb3c52b1862064d8f4e1085538
  md5: 42af51ad3b654ece73572628ad2882ae
  depends:
  - python >=3.8
  license: Apache-2.0
  license_family: APACHE
  size: 24683
  timestamp: 1722278974784
- kind: conda
  name: time-machine
  version: 2.15.0
  build: py312h024a12e_1
  build_number: 1
  subdir: osx-arm64
  url: https://conda.anaconda.org/conda-forge/osx-arm64/time-machine-2.15.0-py312h024a12e_1.conda
  sha256: 180137497bdb0320e6cd4d810c4053db0c8cb0b4fe68d7586220841bbff98a62
  md5: 9d9ecc1cbd177bb6b116dc4c999919a4
  depends:
  - __osx >=11.0
  - python >=3.12,<3.13.0a0
  - python >=3.12,<3.13.0a0 *_cpython
  - python-dateutil
  - python_abi 3.12.* *_cp312
  license: MIT
  license_family: MIT
  size: 35956
  timestamp: 1725309957577
- kind: conda
  name: tk
  version: 8.6.13
  build: h5083fa2_1
  build_number: 1
  subdir: osx-arm64
  url: https://conda.anaconda.org/conda-forge/osx-arm64/tk-8.6.13-h5083fa2_1.conda
  sha256: 72457ad031b4c048e5891f3f6cb27a53cb479db68a52d965f796910e71a403a8
  md5: b50a57ba89c32b62428b71a875291c9b
  depends:
  - libzlib >=1.2.13,<2.0.0a0
  license: TCL
  license_family: BSD
  size: 3145523
  timestamp: 1699202432999
- kind: conda
  name: tomlkit
  version: 0.13.2
  build: pyha770c72_0
  subdir: noarch
  noarch: python
  url: https://conda.anaconda.org/conda-forge/noarch/tomlkit-0.13.2-pyha770c72_0.conda
  sha256: 2ccfe8dafdc1f1af944bca6bdf28fa97b5fa6125d84b8895a4e918a020853c12
  md5: 0062a5f3347733f67b0f33ca48cc21dd
  depends:
  - python >=3.8
  license: MIT
  license_family: MIT
  size: 37279
  timestamp: 1723631592742
- kind: conda
  name: types-setuptools
  version: 75.1.0.20240917
  build: pyhd8ed1ab_0
  subdir: noarch
  noarch: python
  url: https://conda.anaconda.org/conda-forge/noarch/types-setuptools-75.1.0.20240917-pyhd8ed1ab_0.conda
  sha256: 001092283a6122735532c672570660f88555784b3cde91b4adba2adc06d49d45
  md5: 103b45bd5db49642190e39f49c684e00
  depends:
  - python >=3.8
  license: Apache-2.0 AND MIT
  size: 48043
  timestamp: 1726556448078
- kind: conda
  name: typing-extensions
  version: 4.12.2
  build: hd8ed1ab_0
  subdir: noarch
  noarch: python
  url: https://conda.anaconda.org/conda-forge/noarch/typing-extensions-4.12.2-hd8ed1ab_0.conda
  sha256: d3b9a8ed6da7c9f9553c5fd8a4fca9c3e0ab712fa5f497859f82337d67533b73
  md5: 52d648bd608f5737b123f510bb5514b5
  depends:
  - typing_extensions 4.12.2 pyha770c72_0
  license: PSF-2.0
  license_family: PSF
  size: 10097
  timestamp: 1717802659025
- kind: conda
  name: typing_extensions
  version: 4.12.2
  build: pyha770c72_0
  subdir: noarch
  noarch: python
  url: https://conda.anaconda.org/conda-forge/noarch/typing_extensions-4.12.2-pyha770c72_0.conda
  sha256: 0fce54f8ec3e59f5ef3bb7641863be4e1bf1279623e5af3d3fa726e8f7628ddb
  md5: ebe6952715e1d5eb567eeebf25250fa7
  depends:
  - python >=3.8
  license: PSF-2.0
  license_family: PSF
  size: 39888
  timestamp: 1717802653893
- kind: conda
  name: tzdata
  version: 2024a
  build: h8827d51_1
  build_number: 1
  subdir: noarch
  noarch: generic
  url: https://conda.anaconda.org/conda-forge/noarch/tzdata-2024a-h8827d51_1.conda
  sha256: 7d21c95f61319dba9209ca17d1935e6128af4235a67ee4e57a00908a1450081e
  md5: 8bfdead4e0fff0383ae4c9c50d0531bd
  license: LicenseRef-Public-Domain
  size: 124164
  timestamp: 1724736371498
- kind: conda
  name: urllib3
  version: 2.2.3
  build: pyhd8ed1ab_0
  subdir: noarch
  noarch: python
  url: https://conda.anaconda.org/conda-forge/noarch/urllib3-2.2.3-pyhd8ed1ab_0.conda
  sha256: b6bb34ce41cd93956ad6eeee275ed52390fb3788d6c75e753172ea7ac60b66e5
  md5: 6b55867f385dd762ed99ea687af32a69
  depends:
  - brotli-python >=1.0.9
  - h2 >=4,<5
  - pysocks >=1.5.6,<2.0,!=1.5.7
  - python >=3.8
  - zstandard >=0.18.0
  license: MIT
  license_family: MIT
  size: 98076
  timestamp: 1726496531769
- kind: conda
  name: xz
  version: 5.2.6
  build: h57fd34a_0
  subdir: osx-arm64
  url: https://conda.anaconda.org/conda-forge/osx-arm64/xz-5.2.6-h57fd34a_0.tar.bz2
  sha256: 59d78af0c3e071021cfe82dc40134c19dab8cdf804324b62940f5c8cd71803ec
  md5: 39c6b54e94014701dd157f4f576ed211
  license: LGPL-2.1 and GPL-2.0
  size: 235693
  timestamp: 1660346961024
- kind: conda
  name: yaml
  version: 0.2.5
  build: h3422bc3_2
  build_number: 2
  subdir: osx-arm64
  url: https://conda.anaconda.org/conda-forge/osx-arm64/yaml-0.2.5-h3422bc3_2.tar.bz2
  sha256: 93181a04ba8cfecfdfb162fc958436d868cc37db504c58078eab4c1a3e57fbb7
  md5: 4bb3f014845110883a3c5ee811fd84b4
  license: MIT
  license_family: MIT
  size: 88016
  timestamp: 1641347076660
- kind: conda
  name: zstandard
  version: 0.23.0
  build: py312h15fbf35_1
  build_number: 1
  subdir: osx-arm64
  url: https://conda.anaconda.org/conda-forge/osx-arm64/zstandard-0.23.0-py312h15fbf35_1.conda
  sha256: d00ca25c1e28fd31199b26a94f8c96574475704a825d244d7a6351ad3745eeeb
  md5: a4cde595509a7ad9c13b1a3809bcfe51
  depends:
  - __osx >=11.0
  - cffi >=1.11
  - python >=3.12,<3.13.0a0
  - python >=3.12,<3.13.0a0 *_cpython
  - python_abi 3.12.* *_cp312
  - zstd >=1.5.6,<1.5.7.0a0
  - zstd >=1.5.6,<1.6.0a0
  license: BSD-3-Clause
  license_family: BSD
  size: 330788
  timestamp: 1725305806565
- kind: conda
  name: zstd
  version: 1.5.6
  build: hb46c0d2_0
  subdir: osx-arm64
  url: https://conda.anaconda.org/conda-forge/osx-arm64/zstd-1.5.6-hb46c0d2_0.conda
  sha256: 2d4fd1ff7ee79cd954ca8e81abf11d9d49954dd1fef80f27289e2402ae9c2e09
  md5: d96942c06c3e84bfcc5efb038724a7fd
  depends:
  - __osx >=11.0
  - libzlib >=1.2.13,<2.0.0a0
  license: BSD-3-Clause
  license_family: BSD
  size: 405089
  timestamp: 1714723101397
